
Microsoft Visual Studio Solution File, Format Version 12.00
# Visual Studio Version 17
VisualStudioVersion = 17.4.33213.308
MinimumVisualStudioVersion = 10.0.40219.1
Project("{FAE04EC0-301F-11D3-BF4B-00C04F79EFBC}") = "Anagram", "Anagram\Anagram.csproj", "{22855A87-C735-4CA6-AF9A-4351DBCAB60C}"
EndProject
Global
	GlobalSection(SolutionConfigurationPlatforms) = preSolution
		Debug|Any CPU = Debug|Any CPU
		Release|Any CPU = Release|Any CPU
	EndGlobalSection
	GlobalSection(ProjectConfigurationPlatforms) = postSolution
		{22855A87-C735-4CA6-AF9A-4351DBCAB60C}.Debug|Any CPU.ActiveCfg = Debug|Any CPU
		{22855A87-C735-4CA6-AF9A-4351DBCAB60C}.Debug|Any CPU.Build.0 = Debug|Any CPU
		{22855A87-C735-4CA6-AF9A-4351DBCAB60C}.Release|Any CPU.ActiveCfg = Release|Any CPU
		{22855A87-C735-4CA6-AF9A-4351DBCAB60C}.Release|Any CPU.Build.0 = Release|Any CPU
	EndGlobalSection
	GlobalSection(SolutionProperties) = preSolution
		HideSolutionNode = FALSE
	EndGlobalSection
	GlobalSection(ExtensibilityGlobals) = postSolution
		SolutionGuid = {FD5CDB6E-13AC-41CE-B2BB-39284126EEE4}
	EndGlobalSection
EndGlobal
